
Microsoft Visual Studio Solution File, Format Version 12.00
# Visual Studio Version 16
VisualStudioVersion = 16.0.28729.10
MinimumVisualStudioVersion = 10.0.40219.1
Project("{FAE04EC0-301F-11D3-BF4B-00C04F79EFBC}") = "BecasCep", "BecasCep\BecasCep.csproj", "{7BECE63C-16B7-46DD-A7AD-E359D06ACA1B}"
EndProject
Global
	GlobalSection(SolutionConfigurationPlatforms) = preSolution
		Debug|Any CPU = Debug|Any CPU
		Release|Any CPU = Release|Any CPU
	EndGlobalSection
	GlobalSection(ProjectConfigurationPlatforms) = postSolution
		{7BECE63C-16B7-46DD-A7AD-E359D06ACA1B}.Debug|Any CPU.ActiveCfg = Debug|Any CPU
		{7BECE63C-16B7-46DD-A7AD-E359D06ACA1B}.Debug|Any CPU.Build.0 = Debug|Any CPU
		{7BECE63C-16B7-46DD-A7AD-E359D06ACA1B}.Release|Any CPU.ActiveCfg = Release|Any CPU
		{7BECE63C-16B7-46DD-A7AD-E359D06ACA1B}.Release|Any CPU.Build.0 = Release|Any CPU
	EndGlobalSection
	GlobalSection(SolutionProperties) = preSolution
		HideSolutionNode = FALSE
	EndGlobalSection
	GlobalSection(ExtensibilityGlobals) = postSolution
		SolutionGuid = {2597CD59-67D9-41E3-885D-342507895D85}
	EndGlobalSection
EndGlobal
